
Microsoft Visual Studio Solution File, Format Version 12.00
# Visual Studio Version 16
VisualStudioVersion = 16.0.29509.3
MinimumVisualStudioVersion = 10.0.40219.1
Project("{9A19103F-16F7-4668-BE54-9A1E7A4F7556}") = "Grpc.Server", "Grpc.Server.csproj", "{D37913A5-3029-421F-8191-FD72930C4308}"
EndProject
Global
	GlobalSection(SolutionConfigurationPlatforms) = preSolution
		Debug|Any CPU = Debug|Any CPU
		Release|Any CPU = Release|Any CPU
	EndGlobalSection
	GlobalSection(ProjectConfigurationPlatforms) = postSolution
		{D37913A5-3029-421F-8191-FD72930C4308}.Debug|Any CPU.ActiveCfg = Debug|Any CPU
		{D37913A5-3029-421F-8191-FD72930C4308}.Debug|Any CPU.Build.0 = Debug|Any CPU
		{D37913A5-3029-421F-8191-FD72930C4308}.Release|Any CPU.ActiveCfg = Release|Any CPU
		{D37913A5-3029-421F-8191-FD72930C4308}.Release|Any CPU.Build.0 = Release|Any CPU
	EndGlobalSection
	GlobalSection(SolutionProperties) = preSolution
		HideSolutionNode = FALSE
	EndGlobalSection
	GlobalSection(ExtensibilityGlobals) = postSolution
		SolutionGuid = {D1B90B91-78FB-4456-8F31-516F068F022C}
	EndGlobalSection
EndGlobal
